
Microsoft Visual Studio Solution File, Format Version 12.00
Project("{FAE04EC0-301F-11D3-BF4B-00C04F79EFBC}") = "Semtex", "Semtex\Semtex.csproj", "{E0330D3F-F05C-4F82-B8D5-6436F01F6F28}"
EndProject
Project("{FAE04EC0-301F-11D3-BF4B-00C04F79EFBC}") = "Semtex.UT", "Semtex.UT\Semtex.UT.csproj", "{DE263CA8-FDBC-417B-81A6-483C8E2B65AB}"
EndProject
Project("{FAE04EC0-301F-11D3-BF4B-00C04F79EFBC}") = "Analyzers", "..\Roslynator\src\Analyzers\Analyzers.csproj", "{ABE0EB24-34A6-42EF-9C9E-95B138520CF6}"
EndProject
Project("{FAE04EC0-301F-11D3-BF4B-00C04F79EFBC}") = "Refactorings", "..\Roslynator\src\Refactorings\Refactorings.csproj", "{1D48406D-3831-4A73-93BF-6E7DB9B97BC8}"
EndProject
Project("{FAE04EC0-301F-11D3-BF4B-00C04F79EFBC}") = "CodeAnalysis.Analyzers", "..\Roslynator\src\CodeAnalysis.Analyzers\CodeAnalysis.Analyzers.csproj", "{3161770B-6394-45E6-A05E-5AFAAD43B4E7}"
EndProject
Project("{FAE04EC0-301F-11D3-BF4B-00C04F79EFBC}") = "Analyzers.CodeFixes", "..\Roslynator\src\Analyzers.CodeFixes\Analyzers.CodeFixes.csproj", "{AE4417DF-288E-4F4A-BA16-3F9D6AF34B2A}"
EndProject
Project("{FAE04EC0-301F-11D3-BF4B-00C04F79EFBC}") = "Analyzers.Tests", "..\Roslynator\src\Tests\Analyzers.Tests\Analyzers.Tests.csproj", "{537983DC-36A5-42E6-9CFE-58D75808B80A}"
EndProject
Project("{FAE04EC0-301F-11D3-BF4B-00C04F79EFBC}") = "Workspaces.Common", "..\Roslynator\src\Workspaces.Common\Workspaces.Common.csproj", "{9D567742-7897-4019-A3EC-2D20A3DED2FC}"
EndProject
Project("{FAE04EC0-301F-11D3-BF4B-00C04F79EFBC}") = "Workspaces.Core", "..\Roslynator\src\Workspaces.Core\Workspaces.Core.csproj", "{18A33398-F45A-4753-9C0A-2499E91C4C40}"
EndProject
Project("{FAE04EC0-301F-11D3-BF4B-00C04F79EFBC}") = "Common", "..\Roslynator\src\Common\Common.csproj", "{224F7E20-C096-4957-B9C6-6AECBF05C9FB}"
EndProject
Project("{FAE04EC0-301F-11D3-BF4B-00C04F79EFBC}") = "CodeFixes", "..\Roslynator\src\CodeFixes\CodeFixes.csproj", "{4568C0E6-CB05-442C-9E98-568BA449D86A}"
EndProject
Project("{FAE04EC0-301F-11D3-BF4B-00C04F79EFBC}") = "RoslynatorCsDiagnosticFixers", "RoslynatorCsDiagnosticFixers\RoslynatorCsDiagnosticFixers.csproj", "{582D7784-8303-456B-9AB4-71569C34460E}"
EndProject
Project("{FAE04EC0-301F-11D3-BF4B-00C04F79EFBC}") = "RoslynatorRcsCodeFixes", "RoslynatorRcsCodeFixes\RoslynatorRcsCodeFixes.csproj", "{63F7FF7B-34E3-4A4E-A7DD-52C1854E4C51}"
EndProject
Project("{FAE04EC0-301F-11D3-BF4B-00C04F79EFBC}") = "RoslynCsCodeFixes", "RoslynCsCodeFixes\RoslynCsCodeFixes.csproj", "{AE07FA76-252B-444B-BC83-429DE23E3333}"
EndProject
Project("{FAE04EC0-301F-11D3-BF4B-00C04F79EFBC}") = "RoslynCsCodeFixes.UT", "RoslynCsCodeFixes.UT\RoslynCsCodeFixes.UT.csproj", "{06B4F432-FF3B-4499-B012-F0212C85BB09}"
EndProject
Project("{FAE04EC0-301F-11D3-BF4B-00C04F79EFBC}") = "CodeFixes.Tests", "..\Roslynator\src\Tests\CodeFixes.Tests\CodeFixes.Tests.csproj", "{8D8E5EDD-6984-4401-BCEC-D000C857C24D}"
EndProject
Project("{2150E333-8FDC-42A3-9474-1A3956D46DE8}") = "Roslynator", "Roslynator", "{2BE31785-E8AA-4B2E-B4CF-B2BDCAA3D455}"
EndProject
Project("{FAE04EC0-301F-11D3-BF4B-00C04F79EFBC}") = "SemtexAnalyzers", "SemtexAnalyzers\SemtexAnalyzers.csproj", "{1F31E1DE-4669-4A72-9BCF-36976EA080C5}"
EndProject
Project("{FAE04EC0-301F-11D3-BF4B-00C04F79EFBC}") = "SemtexAnalyzers.UT", "SemtexAnalyzers.UT\SemtexAnalyzers.UT.csproj", "{D1CAE580-5298-4E7D-8EF8-756980C328B2}"
EndProject
Project("{FAE04EC0-301F-11D3-BF4B-00C04F79EFBC}") = "Core", "..\Roslynator\src\Core\Core.csproj", "{D85EEA6D-C9F0-49AB-BBA8-6D8B7B23F034}"
EndProject
Project("{FAE04EC0-301F-11D3-BF4B-00C04F79EFBC}") = "CSharp", "..\Roslynator\src\CSharp\CSharp.csproj", "{00D471D1-7E79-4FB1-A44C-F793DD9E8DDF}"
EndProject
Project("{FAE04EC0-301F-11D3-BF4B-00C04F79EFBC}") = "CSharp.Workspaces", "..\Roslynator\src\CSharp.Workspaces\CSharp.Workspaces.csproj", "{6D9688FC-A855-4A66-AB34-9C1787681B9C}"
EndProject
Project("{FAE04EC0-301F-11D3-BF4B-00C04F79EFBC}") = "Tests.Common", "..\Roslynator\src\Tests\Tests.Common\Tests.Common.csproj", "{FAA263CF-9815-4710-BAE2-9E77D70927AC}"
EndProject
Project("{FAE04EC0-301F-11D3-BF4B-00C04F79EFBC}") = "CSharp.Tests", "..\Roslynator\src\Tests\CSharp.Tests\CSharp.Tests.csproj", "{618FDDC5-0280-441E-9443-870178E19F76}"
EndProject
Project("{FAE04EC0-301F-11D3-BF4B-00C04F79EFBC}") = "CommandLine", "..\Roslynator\src\CommandLine\CommandLine.csproj", "{05D502CD-C383-4CB3-A7D0-91E6D9907FB0}"
EndProject
Project("{FAE04EC0-301F-11D3-BF4B-00C04F79EFBC}") = "CSharp.Workspaces.Tests", "..\Roslynator\src\Tests\CSharp.Workspaces.Tests\CSharp.Workspaces.Tests.csproj", "{68D9A251-1D88-4CCE-97BF-185CC8DE5871}"
EndProject
Global
	GlobalSection(SolutionConfigurationPlatforms) = preSolution
		Debug|Any CPU = Debug|Any CPU
		Release|Any CPU = Release|Any CPU
	EndGlobalSection
	GlobalSection(ProjectConfigurationPlatforms) = postSolution
		{E0330D3F-F05C-4F82-B8D5-6436F01F6F28}.Debug|Any CPU.ActiveCfg = Debug|Any CPU
		{E0330D3F-F05C-4F82-B8D5-6436F01F6F28}.Debug|Any CPU.Build.0 = Debug|Any CPU
		{E0330D3F-F05C-4F82-B8D5-6436F01F6F28}.Release|Any CPU.ActiveCfg = Release|Any CPU
		{E0330D3F-F05C-4F82-B8D5-6436F01F6F28}.Release|Any CPU.Build.0 = Release|Any CPU
		{DE263CA8-FDBC-417B-81A6-483C8E2B65AB}.Debug|Any CPU.ActiveCfg = Debug|Any CPU
		{DE263CA8-FDBC-417B-81A6-483C8E2B65AB}.Debug|Any CPU.Build.0 = Debug|Any CPU
		{DE263CA8-FDBC-417B-81A6-483C8E2B65AB}.Release|Any CPU.ActiveCfg = Release|Any CPU
		{DE263CA8-FDBC-417B-81A6-483C8E2B65AB}.Release|Any CPU.Build.0 = Release|Any CPU
		{ABE0EB24-34A6-42EF-9C9E-95B138520CF6}.Debug|Any CPU.ActiveCfg = Debug|Any CPU
		{ABE0EB24-34A6-42EF-9C9E-95B138520CF6}.Debug|Any CPU.Build.0 = Debug|Any CPU
		{ABE0EB24-34A6-42EF-9C9E-95B138520CF6}.Release|Any CPU.ActiveCfg = Release|Any CPU
		{ABE0EB24-34A6-42EF-9C9E-95B138520CF6}.Release|Any CPU.Build.0 = Release|Any CPU
		{1D48406D-3831-4A73-93BF-6E7DB9B97BC8}.Debug|Any CPU.ActiveCfg = Debug|Any CPU
		{1D48406D-3831-4A73-93BF-6E7DB9B97BC8}.Debug|Any CPU.Build.0 = Debug|Any CPU
		{1D48406D-3831-4A73-93BF-6E7DB9B97BC8}.Release|Any CPU.ActiveCfg = Release|Any CPU
		{1D48406D-3831-4A73-93BF-6E7DB9B97BC8}.Release|Any CPU.Build.0 = Release|Any CPU
		{3161770B-6394-45E6-A05E-5AFAAD43B4E7}.Debug|Any CPU.ActiveCfg = Debug|Any CPU
		{3161770B-6394-45E6-A05E-5AFAAD43B4E7}.Debug|Any CPU.Build.0 = Debug|Any CPU
		{3161770B-6394-45E6-A05E-5AFAAD43B4E7}.Release|Any CPU.ActiveCfg = Release|Any CPU
		{3161770B-6394-45E6-A05E-5AFAAD43B4E7}.Release|Any CPU.Build.0 = Release|Any CPU
		{AE4417DF-288E-4F4A-BA16-3F9D6AF34B2A}.Debug|Any CPU.ActiveCfg = Debug|Any CPU
		{AE4417DF-288E-4F4A-BA16-3F9D6AF34B2A}.Debug|Any CPU.Build.0 = Debug|Any CPU
		{AE4417DF-288E-4F4A-BA16-3F9D6AF34B2A}.Release|Any CPU.ActiveCfg = Release|Any CPU
		{AE4417DF-288E-4F4A-BA16-3F9D6AF34B2A}.Release|Any CPU.Build.0 = Release|Any CPU
		{537983DC-36A5-42E6-9CFE-58D75808B80A}.Debug|Any CPU.ActiveCfg = Debug|Any CPU
		{537983DC-36A5-42E6-9CFE-58D75808B80A}.Debug|Any CPU.Build.0 = Debug|Any CPU
		{537983DC-36A5-42E6-9CFE-58D75808B80A}.Release|Any CPU.ActiveCfg = Release|Any CPU
		{537983DC-36A5-42E6-9CFE-58D75808B80A}.Release|Any CPU.Build.0 = Release|Any CPU
		{9D567742-7897-4019-A3EC-2D20A3DED2FC}.Debug|Any CPU.ActiveCfg = Debug|Any CPU
		{9D567742-7897-4019-A3EC-2D20A3DED2FC}.Debug|Any CPU.Build.0 = Debug|Any CPU
		{9D567742-7897-4019-A3EC-2D20A3DED2FC}.Release|Any CPU.ActiveCfg = Release|Any CPU
		{9D567742-7897-4019-A3EC-2D20A3DED2FC}.Release|Any CPU.Build.0 = Release|Any CPU
		{18A33398-F45A-4753-9C0A-2499E91C4C40}.Debug|Any CPU.ActiveCfg = Debug|Any CPU
		{18A33398-F45A-4753-9C0A-2499E91C4C40}.Debug|Any CPU.Build.0 = Debug|Any CPU
		{18A33398-F45A-4753-9C0A-2499E91C4C40}.Release|Any CPU.ActiveCfg = Release|Any CPU
		{18A33398-F45A-4753-9C0A-2499E91C4C40}.Release|Any CPU.Build.0 = Release|Any CPU
		{224F7E20-C096-4957-B9C6-6AECBF05C9FB}.Debug|Any CPU.ActiveCfg = Debug|Any CPU
		{224F7E20-C096-4957-B9C6-6AECBF05C9FB}.Debug|Any CPU.Build.0 = Debug|Any CPU
		{224F7E20-C096-4957-B9C6-6AECBF05C9FB}.Release|Any CPU.ActiveCfg = Release|Any CPU
		{224F7E20-C096-4957-B9C6-6AECBF05C9FB}.Release|Any CPU.Build.0 = Release|Any CPU
		{4568C0E6-CB05-442C-9E98-568BA449D86A}.Debug|Any CPU.ActiveCfg = Debug|Any CPU
		{4568C0E6-CB05-442C-9E98-568BA449D86A}.Debug|Any CPU.Build.0 = Debug|Any CPU
		{4568C0E6-CB05-442C-9E98-568BA449D86A}.Release|Any CPU.ActiveCfg = Release|Any CPU
		{4568C0E6-CB05-442C-9E98-568BA449D86A}.Release|Any CPU.Build.0 = Release|Any CPU
		{582D7784-8303-456B-9AB4-71569C34460E}.Debug|Any CPU.ActiveCfg = Debug|Any CPU
		{582D7784-8303-456B-9AB4-71569C34460E}.Debug|Any CPU.Build.0 = Debug|Any CPU
		{582D7784-8303-456B-9AB4-71569C34460E}.Release|Any CPU.ActiveCfg = Release|Any CPU
		{582D7784-8303-456B-9AB4-71569C34460E}.Release|Any CPU.Build.0 = Release|Any CPU
		{63F7FF7B-34E3-4A4E-A7DD-52C1854E4C51}.Debug|Any CPU.ActiveCfg = Debug|Any CPU
		{63F7FF7B-34E3-4A4E-A7DD-52C1854E4C51}.Debug|Any CPU.Build.0 = Debug|Any CPU
		{63F7FF7B-34E3-4A4E-A7DD-52C1854E4C51}.Release|Any CPU.ActiveCfg = Release|Any CPU
		{63F7FF7B-34E3-4A4E-A7DD-52C1854E4C51}.Release|Any CPU.Build.0 = Release|Any CPU
		{AE07FA76-252B-444B-BC83-429DE23E3333}.Debug|Any CPU.ActiveCfg = Debug|Any CPU
		{AE07FA76-252B-444B-BC83-429DE23E3333}.Debug|Any CPU.Build.0 = Debug|Any CPU
		{AE07FA76-252B-444B-BC83-429DE23E3333}.Release|Any CPU.ActiveCfg = Release|Any CPU
		{AE07FA76-252B-444B-BC83-429DE23E3333}.Release|Any CPU.Build.0 = Release|Any CPU
		{06B4F432-FF3B-4499-B012-F0212C85BB09}.Debug|Any CPU.ActiveCfg = Debug|Any CPU
		{06B4F432-FF3B-4499-B012-F0212C85BB09}.Debug|Any CPU.Build.0 = Debug|Any CPU
		{06B4F432-FF3B-4499-B012-F0212C85BB09}.Release|Any CPU.ActiveCfg = Release|Any CPU
		{06B4F432-FF3B-4499-B012-F0212C85BB09}.Release|Any CPU.Build.0 = Release|Any CPU
		{8D8E5EDD-6984-4401-BCEC-D000C857C24D}.Debug|Any CPU.ActiveCfg = Debug|Any CPU
		{8D8E5EDD-6984-4401-BCEC-D000C857C24D}.Debug|Any CPU.Build.0 = Debug|Any CPU
		{8D8E5EDD-6984-4401-BCEC-D000C857C24D}.Release|Any CPU.ActiveCfg = Release|Any CPU
		{8D8E5EDD-6984-4401-BCEC-D000C857C24D}.Release|Any CPU.Build.0 = Release|Any CPU
		{1F31E1DE-4669-4A72-9BCF-36976EA080C5}.Debug|Any CPU.ActiveCfg = Debug|Any CPU
		{1F31E1DE-4669-4A72-9BCF-36976EA080C5}.Debug|Any CPU.Build.0 = Debug|Any CPU
		{1F31E1DE-4669-4A72-9BCF-36976EA080C5}.Release|Any CPU.ActiveCfg = Release|Any CPU
		{1F31E1DE-4669-4A72-9BCF-36976EA080C5}.Release|Any CPU.Build.0 = Release|Any CPU
		{D1CAE580-5298-4E7D-8EF8-756980C328B2}.Debug|Any CPU.ActiveCfg = Debug|Any CPU
		{D1CAE580-5298-4E7D-8EF8-756980C328B2}.Debug|Any CPU.Build.0 = Debug|Any CPU
		{D1CAE580-5298-4E7D-8EF8-756980C328B2}.Release|Any CPU.ActiveCfg = Release|Any CPU
		{D1CAE580-5298-4E7D-8EF8-756980C328B2}.Release|Any CPU.Build.0 = Release|Any CPU
		{D85EEA6D-C9F0-49AB-BBA8-6D8B7B23F034}.Debug|Any CPU.ActiveCfg = Debug|Any CPU
		{D85EEA6D-C9F0-49AB-BBA8-6D8B7B23F034}.Debug|Any CPU.Build.0 = Debug|Any CPU
		{D85EEA6D-C9F0-49AB-BBA8-6D8B7B23F034}.Release|Any CPU.ActiveCfg = Release|Any CPU
		{D85EEA6D-C9F0-49AB-BBA8-6D8B7B23F034}.Release|Any CPU.Build.0 = Release|Any CPU
		{00D471D1-7E79-4FB1-A44C-F793DD9E8DDF}.Debug|Any CPU.ActiveCfg = Debug|Any CPU
		{00D471D1-7E79-4FB1-A44C-F793DD9E8DDF}.Debug|Any CPU.Build.0 = Debug|Any CPU
		{00D471D1-7E79-4FB1-A44C-F793DD9E8DDF}.Release|Any CPU.ActiveCfg = Release|Any CPU
		{00D471D1-7E79-4FB1-A44C-F793DD9E8DDF}.Release|Any CPU.Build.0 = Release|Any CPU
		{6D9688FC-A855-4A66-AB34-9C1787681B9C}.Debug|Any CPU.ActiveCfg = Debug|Any CPU
		{6D9688FC-A855-4A66-AB34-9C1787681B9C}.Debug|Any CPU.Build.0 = Debug|Any CPU
		{6D9688FC-A855-4A66-AB34-9C1787681B9C}.Release|Any CPU.ActiveCfg = Release|Any CPU
		{6D9688FC-A855-4A66-AB34-9C1787681B9C}.Release|Any CPU.Build.0 = Release|Any CPU
		{FAA263CF-9815-4710-BAE2-9E77D70927AC}.Debug|Any CPU.ActiveCfg = Debug|Any CPU
		{FAA263CF-9815-4710-BAE2-9E77D70927AC}.Debug|Any CPU.Build.0 = Debug|Any CPU
		{FAA263CF-9815-4710-BAE2-9E77D70927AC}.Release|Any CPU.ActiveCfg = Release|Any CPU
		{FAA263CF-9815-4710-BAE2-9E77D70927AC}.Release|Any CPU.Build.0 = Release|Any CPU
		{618FDDC5-0280-441E-9443-870178E19F76}.Debug|Any CPU.ActiveCfg = Debug|Any CPU
		{618FDDC5-0280-441E-9443-870178E19F76}.Debug|Any CPU.Build.0 = Debug|Any CPU
		{618FDDC5-0280-441E-9443-870178E19F76}.Release|Any CPU.ActiveCfg = Release|Any CPU
		{618FDDC5-0280-441E-9443-870178E19F76}.Release|Any CPU.Build.0 = Release|Any CPU
		{05D502CD-C383-4CB3-A7D0-91E6D9907FB0}.Debug|Any CPU.ActiveCfg = Debug|Any CPU
		{05D502CD-C383-4CB3-A7D0-91E6D9907FB0}.Debug|Any CPU.Build.0 = Debug|Any CPU
		{05D502CD-C383-4CB3-A7D0-91E6D9907FB0}.Release|Any CPU.ActiveCfg = Release|Any CPU
		{05D502CD-C383-4CB3-A7D0-91E6D9907FB0}.Release|Any CPU.Build.0 = Release|Any CPU
		{68D9A251-1D88-4CCE-97BF-185CC8DE5871}.Debug|Any CPU.ActiveCfg = Debug|Any CPU
		{68D9A251-1D88-4CCE-97BF-185CC8DE5871}.Debug|Any CPU.Build.0 = Debug|Any CPU
		{68D9A251-1D88-4CCE-97BF-185CC8DE5871}.Release|Any CPU.ActiveCfg = Release|Any CPU
		{68D9A251-1D88-4CCE-97BF-185CC8DE5871}.Release|Any CPU.Build.0 = Release|Any CPU
	EndGlobalSection
	GlobalSection(NestedProjects) = preSolution
		{ABE0EB24-34A6-42EF-9C9E-95B138520CF6} = {2BE31785-E8AA-4B2E-B4CF-B2BDCAA3D455}
		{AE4417DF-288E-4F4A-BA16-3F9D6AF34B2A} = {2BE31785-E8AA-4B2E-B4CF-B2BDCAA3D455}
		{3161770B-6394-45E6-A05E-5AFAAD43B4E7} = {2BE31785-E8AA-4B2E-B4CF-B2BDCAA3D455}
		{4568C0E6-CB05-442C-9E98-568BA449D86A} = {2BE31785-E8AA-4B2E-B4CF-B2BDCAA3D455}
		{537983DC-36A5-42E6-9CFE-58D75808B80A} = {2BE31785-E8AA-4B2E-B4CF-B2BDCAA3D455}
		{8D8E5EDD-6984-4401-BCEC-D000C857C24D} = {2BE31785-E8AA-4B2E-B4CF-B2BDCAA3D455}
		{224F7E20-C096-4957-B9C6-6AECBF05C9FB} = {2BE31785-E8AA-4B2E-B4CF-B2BDCAA3D455}
		{1D48406D-3831-4A73-93BF-6E7DB9B97BC8} = {2BE31785-E8AA-4B2E-B4CF-B2BDCAA3D455}
		{9D567742-7897-4019-A3EC-2D20A3DED2FC} = {2BE31785-E8AA-4B2E-B4CF-B2BDCAA3D455}
		{18A33398-F45A-4753-9C0A-2499E91C4C40} = {2BE31785-E8AA-4B2E-B4CF-B2BDCAA3D455}
		{D85EEA6D-C9F0-49AB-BBA8-6D8B7B23F034} = {2BE31785-E8AA-4B2E-B4CF-B2BDCAA3D455}
		{00D471D1-7E79-4FB1-A44C-F793DD9E8DDF} = {2BE31785-E8AA-4B2E-B4CF-B2BDCAA3D455}
		{FAA263CF-9815-4710-BAE2-9E77D70927AC} = {2BE31785-E8AA-4B2E-B4CF-B2BDCAA3D455}
		{618FDDC5-0280-441E-9443-870178E19F76} = {2BE31785-E8AA-4B2E-B4CF-B2BDCAA3D455}
		{6D9688FC-A855-4A66-AB34-9C1787681B9C} = {2BE31785-E8AA-4B2E-B4CF-B2BDCAA3D455}
		{05D502CD-C383-4CB3-A7D0-91E6D9907FB0} = {2BE31785-E8AA-4B2E-B4CF-B2BDCAA3D455}
		{68D9A251-1D88-4CCE-97BF-185CC8DE5871} = {2BE31785-E8AA-4B2E-B4CF-B2BDCAA3D455}
	EndGlobalSection
EndGlobal
